
Microsoft Visual Studio Solution File, Format Version 12.00
# Visual Studio Version 17
VisualStudioVersion = 17.5.33424.131
MinimumVisualStudioVersion = 10.0.40219.1
Project("{9A19103F-16F7-4668-BE54-9A1E7A4F7556}") = "Exercicio01", "Exercicio1\Exercicio01.csproj", "{6B092967-52DE-4FF2-9863-923CFC1B7A76}"
EndProject
Project("{9A19103F-16F7-4668-BE54-9A1E7A4F7556}") = "Exercicio02", "Exercicio2\Exercicio02.csproj", "{544BBED6-F17C-40AA-AD75-1D33F0142868}"
EndProject
Project("{9A19103F-16F7-4668-BE54-9A1E7A4F7556}") = "Exercicio03", "Exercicio3\Exercicio03.csproj", "{B6356224-5F5A-47BB-B8F1-405B0BD75EF2}"
EndProject
Project("{9A19103F-16F7-4668-BE54-9A1E7A4F7556}") = "Exercicio04", "Exercicio4\Exercicio04.csproj", "{B552C9A1-792B-4E46-85EA-92F13F738FE3}"
EndProject
Project("{9A19103F-16F7-4668-BE54-9A1E7A4F7556}") = "Exercicio05", "Exercicio5\Exercicio05.csproj", "{20B4C387-2202-4E7C-BF8B-1024F295091E}"
EndProject
Project("{9A19103F-16F7-4668-BE54-9A1E7A4F7556}") = "Exercicio06", "Exercicio6\Exercicio06.csproj", "{2EE41B05-76E1-4914-BEEE-BCC0AFA458D3}"
EndProject
Project("{9A19103F-16F7-4668-BE54-9A1E7A4F7556}") = "Exercicio07", "Exercicio7\Exercicio07.csproj", "{9E0C095B-CADE-461B-8CDD-22A027912395}"
EndProject
Project("{9A19103F-16F7-4668-BE54-9A1E7A4F7556}") = "Exercicio08", "Exercicio8\Exercicio08.csproj", "{9C6FAF02-DF94-43BF-A0AA-62C2D6796314}"
EndProject
Project("{9A19103F-16F7-4668-BE54-9A1E7A4F7556}") = "Exercicio09", "Exercicio9\Exercicio09.csproj", "{D4D5BE81-0D00-42CC-8D87-AC573216FDF5}"
EndProject
Project("{9A19103F-16F7-4668-BE54-9A1E7A4F7556}") = "Exercicio10", "Exercicio10\Exercicio10.csproj", "{C169EA14-5143-48EF-A8A7-6FABF7A46316}"
EndProject
Project("{9A19103F-16F7-4668-BE54-9A1E7A4F7556}") = "Exercicio11", "Exercicio11\Exercicio11.csproj", "{35859BDC-7213-4B14-A195-81CD8355C213}"
EndProject
Project("{9A19103F-16F7-4668-BE54-9A1E7A4F7556}") = "Exercicio12", "Exercicio12\Exercicio12.csproj", "{E5A9BFBF-C21F-4FA9-B55B-508EE9014BC7}"
EndProject
Project("{FAE04EC0-301F-11D3-BF4B-00C04F79EFBC}") = "Exercicio13", "Exercicio13\Exercicio13.csproj", "{1B58906A-97ED-4EE0-8576-DB4F2EDB5B2B}"
EndProject
Project("{FAE04EC0-301F-11D3-BF4B-00C04F79EFBC}") = "Exercicio14", "Exercicio14\Exercicio14.csproj", "{870BE045-F289-4AA7-847D-B66274137E25}"
EndProject
Project("{FAE04EC0-301F-11D3-BF4B-00C04F79EFBC}") = "Exercicio15", "Exercicio15\Exercicio15.csproj", "{71E62E4A-E160-4693-9943-B86C5AAA2667}"
EndProject
Project("{FAE04EC0-301F-11D3-BF4B-00C04F79EFBC}") = "Exercicio16", "Exercicio16\Exercicio16.csproj", "{09D808FB-89BB-4262-A4FF-6A3A6D4F5FCC}"
EndProject
Project("{FAE04EC0-301F-11D3-BF4B-00C04F79EFBC}") = "Exercicio17", "Exercicio17\Exercicio17.csproj", "{62E8486B-E9AC-4D0F-8DBA-7935069384BD}"
EndProject
Project("{FAE04EC0-301F-11D3-BF4B-00C04F79EFBC}") = "Exercicio18", "Exercicio18\Exercicio18.csproj", "{C58B9244-D761-4C34-B89F-18110B79CC5B}"
EndProject
Project("{FAE04EC0-301F-11D3-BF4B-00C04F79EFBC}") = "Exercicio19", "Exercicio19\Exercicio19.csproj", "{C96F2CF1-8634-45CB-A677-9392AFEDE474}"
EndProject
Project("{FAE04EC0-301F-11D3-BF4B-00C04F79EFBC}") = "Exercicio20", "Exercicio20\Exercicio20.csproj", "{0569B500-2B8A-43A9-A003-D9430FE0B609}"
EndProject
Project("{FAE04EC0-301F-11D3-BF4B-00C04F79EFBC}") = "Exercicio21", "Exercicio21\Exercicio21.csproj", "{E2AF3CDC-8407-48AF-8E49-998CE3FED0B9}"
EndProject
Project("{FAE04EC0-301F-11D3-BF4B-00C04F79EFBC}") = "Exercicio22", "Exercicio22\Exercicio22.csproj", "{2091D4D6-6718-483B-9BB8-351AED02C4EF}"
EndProject
Project("{FAE04EC0-301F-11D3-BF4B-00C04F79EFBC}") = "Exercicio23", "Exercicio23\Exercicio23.csproj", "{29499C04-FFCA-4FC9-BEEC-7186CB42B6E3}"
EndProject
Project("{FAE04EC0-301F-11D3-BF4B-00C04F79EFBC}") = "Exercicio24", "Exercicio24\Exercicio24.csproj", "{9A539801-F378-4106-B7E7-1D1AA4E705C3}"
EndProject
Project("{FAE04EC0-301F-11D3-BF4B-00C04F79EFBC}") = "Exercicio25", "Exercicio25\Exercicio25.csproj", "{FCB08767-7146-41EB-8087-0D1EE4AC7628}"
EndProject
Project("{FAE04EC0-301F-11D3-BF4B-00C04F79EFBC}") = "Exercicio26", "Exercicio26\Exercicio26.csproj", "{FF4B8DDD-A3E1-4170-ACD3-CB99C3355FBA}"
EndProject
Global
	GlobalSection(SolutionConfigurationPlatforms) = preSolution
		Debug|Any CPU = Debug|Any CPU
		Release|Any CPU = Release|Any CPU
	EndGlobalSection
	GlobalSection(ProjectConfigurationPlatforms) = postSolution
		{6B092967-52DE-4FF2-9863-923CFC1B7A76}.Debug|Any CPU.ActiveCfg = Debug|Any CPU
		{6B092967-52DE-4FF2-9863-923CFC1B7A76}.Debug|Any CPU.Build.0 = Debug|Any CPU
		{6B092967-52DE-4FF2-9863-923CFC1B7A76}.Release|Any CPU.ActiveCfg = Release|Any CPU
		{6B092967-52DE-4FF2-9863-923CFC1B7A76}.Release|Any CPU.Build.0 = Release|Any CPU
		{544BBED6-F17C-40AA-AD75-1D33F0142868}.Debug|Any CPU.ActiveCfg = Debug|Any CPU
		{544BBED6-F17C-40AA-AD75-1D33F0142868}.Debug|Any CPU.Build.0 = Debug|Any CPU
		{544BBED6-F17C-40AA-AD75-1D33F0142868}.Release|Any CPU.ActiveCfg = Release|Any CPU
		{544BBED6-F17C-40AA-AD75-1D33F0142868}.Release|Any CPU.Build.0 = Release|Any CPU
		{B6356224-5F5A-47BB-B8F1-405B0BD75EF2}.Debug|Any CPU.ActiveCfg = Debug|Any CPU
		{B6356224-5F5A-47BB-B8F1-405B0BD75EF2}.Debug|Any CPU.Build.0 = Debug|Any CPU
		{B6356224-5F5A-47BB-B8F1-405B0BD75EF2}.Release|Any CPU.ActiveCfg = Release|Any CPU
		{B6356224-5F5A-47BB-B8F1-405B0BD75EF2}.Release|Any CPU.Build.0 = Release|Any CPU
		{B552C9A1-792B-4E46-85EA-92F13F738FE3}.Debug|Any CPU.ActiveCfg = Debug|Any CPU
		{B552C9A1-792B-4E46-85EA-92F13F738FE3}.Debug|Any CPU.Build.0 = Debug|Any CPU
		{B552C9A1-792B-4E46-85EA-92F13F738FE3}.Release|Any CPU.ActiveCfg = Release|Any CPU
		{B552C9A1-792B-4E46-85EA-92F13F738FE3}.Release|Any CPU.Build.0 = Release|Any CPU
		{20B4C387-2202-4E7C-BF8B-1024F295091E}.Debug|Any CPU.ActiveCfg = Debug|Any CPU
		{20B4C387-2202-4E7C-BF8B-1024F295091E}.Debug|Any CPU.Build.0 = Debug|Any CPU
		{20B4C387-2202-4E7C-BF8B-1024F295091E}.Release|Any CPU.ActiveCfg = Release|Any CPU
		{20B4C387-2202-4E7C-BF8B-1024F295091E}.Release|Any CPU.Build.0 = Release|Any CPU
		{2EE41B05-76E1-4914-BEEE-BCC0AFA458D3}.Debug|Any CPU.ActiveCfg = Debug|Any CPU
		{2EE41B05-76E1-4914-BEEE-BCC0AFA458D3}.Debug|Any CPU.Build.0 = Debug|Any CPU
		{2EE41B05-76E1-4914-BEEE-BCC0AFA458D3}.Release|Any CPU.ActiveCfg = Release|Any CPU
		{2EE41B05-76E1-4914-BEEE-BCC0AFA458D3}.Release|Any CPU.Build.0 = Release|Any CPU
		{9E0C095B-CADE-461B-8CDD-22A027912395}.Debug|Any CPU.ActiveCfg = Debug|Any CPU
		{9E0C095B-CADE-461B-8CDD-22A027912395}.Debug|Any CPU.Build.0 = Debug|Any CPU
		{9E0C095B-CADE-461B-8CDD-22A027912395}.Release|Any CPU.ActiveCfg = Release|Any CPU
		{9E0C095B-CADE-461B-8CDD-22A027912395}.Release|Any CPU.Build.0 = Release|Any CPU
		{9C6FAF02-DF94-43BF-A0AA-62C2D6796314}.Debug|Any CPU.ActiveCfg = Debug|Any CPU
		{9C6FAF02-DF94-43BF-A0AA-62C2D6796314}.Debug|Any CPU.Build.0 = Debug|Any CPU
		{9C6FAF02-DF94-43BF-A0AA-62C2D6796314}.Release|Any CPU.ActiveCfg = Release|Any CPU
		{9C6FAF02-DF94-43BF-A0AA-62C2D6796314}.Release|Any CPU.Build.0 = Release|Any CPU
		{D4D5BE81-0D00-42CC-8D87-AC573216FDF5}.Debug|Any CPU.ActiveCfg = Debug|Any CPU
		{D4D5BE81-0D00-42CC-8D87-AC573216FDF5}.Debug|Any CPU.Build.0 = Debug|Any CPU
		{D4D5BE81-0D00-42CC-8D87-AC573216FDF5}.Release|Any CPU.ActiveCfg = Release|Any CPU
		{D4D5BE81-0D00-42CC-8D87-AC573216FDF5}.Release|Any CPU.Build.0 = Release|Any CPU
		{C169EA14-5143-48EF-A8A7-6FABF7A46316}.Debug|Any CPU.ActiveCfg = Debug|Any CPU
		{C169EA14-5143-48EF-A8A7-6FABF7A46316}.Debug|Any CPU.Build.0 = Debug|Any CPU
		{C169EA14-5143-48EF-A8A7-6FABF7A46316}.Release|Any CPU.ActiveCfg = Release|Any CPU
		{C169EA14-5143-48EF-A8A7-6FABF7A46316}.Release|Any CPU.Build.0 = Release|Any CPU
		{35859BDC-7213-4B14-A195-81CD8355C213}.Debug|Any CPU.ActiveCfg = Debug|Any CPU
		{35859BDC-7213-4B14-A195-81CD8355C213}.Debug|Any CPU.Build.0 = Debug|Any CPU
		{35859BDC-7213-4B14-A195-81CD8355C213}.Release|Any CPU.ActiveCfg = Release|Any CPU
		{35859BDC-7213-4B14-A195-81CD8355C213}.Release|Any CPU.Build.0 = Release|Any CPU
		{E5A9BFBF-C21F-4FA9-B55B-508EE9014BC7}.Debug|Any CPU.ActiveCfg = Debug|Any CPU
		{E5A9BFBF-C21F-4FA9-B55B-508EE9014BC7}.Debug|Any CPU.Build.0 = Debug|Any CPU
		{E5A9BFBF-C21F-4FA9-B55B-508EE9014BC7}.Release|Any CPU.ActiveCfg = Release|Any CPU
		{E5A9BFBF-C21F-4FA9-B55B-508EE9014BC7}.Release|Any CPU.Build.0 = Release|Any CPU
		{1B58906A-97ED-4EE0-8576-DB4F2EDB5B2B}.Debug|Any CPU.ActiveCfg = Debug|Any CPU
		{1B58906A-97ED-4EE0-8576-DB4F2EDB5B2B}.Debug|Any CPU.Build.0 = Debug|Any CPU
		{1B58906A-97ED-4EE0-8576-DB4F2EDB5B2B}.Release|Any CPU.ActiveCfg = Release|Any CPU
		{1B58906A-97ED-4EE0-8576-DB4F2EDB5B2B}.Release|Any CPU.Build.0 = Release|Any CPU
		{870BE045-F289-4AA7-847D-B66274137E25}.Debug|Any CPU.ActiveCfg = Debug|Any CPU
		{870BE045-F289-4AA7-847D-B66274137E25}.Debug|Any CPU.Build.0 = Debug|Any CPU
		{870BE045-F289-4AA7-847D-B66274137E25}.Release|Any CPU.ActiveCfg = Release|Any CPU
		{870BE045-F289-4AA7-847D-B66274137E25}.Release|Any CPU.Build.0 = Release|Any CPU
		{71E62E4A-E160-4693-9943-B86C5AAA2667}.Debug|Any CPU.ActiveCfg = Debug|Any CPU
		{71E62E4A-E160-4693-9943-B86C5AAA2667}.Debug|Any CPU.Build.0 = Debug|Any CPU
		{71E62E4A-E160-4693-9943-B86C5AAA2667}.Release|Any CPU.ActiveCfg = Release|Any CPU
		{71E62E4A-E160-4693-9943-B86C5AAA2667}.Release|Any CPU.Build.0 = Release|Any CPU
		{09D808FB-89BB-4262-A4FF-6A3A6D4F5FCC}.Debug|Any CPU.ActiveCfg = Debug|Any CPU
		{09D808FB-89BB-4262-A4FF-6A3A6D4F5FCC}.Debug|Any CPU.Build.0 = Debug|Any CPU
		{09D808FB-89BB-4262-A4FF-6A3A6D4F5FCC}.Release|Any CPU.ActiveCfg = Release|Any CPU
		{09D808FB-89BB-4262-A4FF-6A3A6D4F5FCC}.Release|Any CPU.Build.0 = Release|Any CPU
		{62E8486B-E9AC-4D0F-8DBA-7935069384BD}.Debug|Any CPU.ActiveCfg = Debug|Any CPU
		{62E8486B-E9AC-4D0F-8DBA-7935069384BD}.Debug|Any CPU.Build.0 = Debug|Any CPU
		{62E8486B-E9AC-4D0F-8DBA-7935069384BD}.Release|Any CPU.ActiveCfg = Release|Any CPU
		{62E8486B-E9AC-4D0F-8DBA-7935069384BD}.Release|Any CPU.Build.0 = Release|Any CPU
		{C58B9244-D761-4C34-B89F-18110B79CC5B}.Debug|Any CPU.ActiveCfg = Debug|Any CPU
		{C58B9244-D761-4C34-B89F-18110B79CC5B}.Debug|Any CPU.Build.0 = Debug|Any CPU
		{C58B9244-D761-4C34-B89F-18110B79CC5B}.Release|Any CPU.ActiveCfg = Release|Any CPU
		{C58B9244-D761-4C34-B89F-18110B79CC5B}.Release|Any CPU.Build.0 = Release|Any CPU
		{C96F2CF1-8634-45CB-A677-9392AFEDE474}.Debug|Any CPU.ActiveCfg = Debug|Any CPU
		{C96F2CF1-8634-45CB-A677-9392AFEDE474}.Debug|Any CPU.Build.0 = Debug|Any CPU
		{C96F2CF1-8634-45CB-A677-9392AFEDE474}.Release|Any CPU.ActiveCfg = Release|Any CPU
		{C96F2CF1-8634-45CB-A677-9392AFEDE474}.Release|Any CPU.Build.0 = Release|Any CPU
		{0569B500-2B8A-43A9-A003-D9430FE0B609}.Debug|Any CPU.ActiveCfg = Debug|Any CPU
		{0569B500-2B8A-43A9-A003-D9430FE0B609}.Debug|Any CPU.Build.0 = Debug|Any CPU
		{0569B500-2B8A-43A9-A003-D9430FE0B609}.Release|Any CPU.ActiveCfg = Release|Any CPU
		{0569B500-2B8A-43A9-A003-D9430FE0B609}.Release|Any CPU.Build.0 = Release|Any CPU
		{E2AF3CDC-8407-48AF-8E49-998CE3FED0B9}.Debug|Any CPU.ActiveCfg = Debug|Any CPU
		{E2AF3CDC-8407-48AF-8E49-998CE3FED0B9}.Debug|Any CPU.Build.0 = Debug|Any CPU
		{E2AF3CDC-8407-48AF-8E49-998CE3FED0B9}.Release|Any CPU.ActiveCfg = Release|Any CPU
		{E2AF3CDC-8407-48AF-8E49-998CE3FED0B9}.Release|Any CPU.Build.0 = Release|Any CPU
		{2091D4D6-6718-483B-9BB8-351AED02C4EF}.Debug|Any CPU.ActiveCfg = Debug|Any CPU
		{2091D4D6-6718-483B-9BB8-351AED02C4EF}.Debug|Any CPU.Build.0 = Debug|Any CPU
		{2091D4D6-6718-483B-9BB8-351AED02C4EF}.Release|Any CPU.ActiveCfg = Release|Any CPU
		{2091D4D6-6718-483B-9BB8-351AED02C4EF}.Release|Any CPU.Build.0 = Release|Any CPU
		{29499C04-FFCA-4FC9-BEEC-7186CB42B6E3}.Debug|Any CPU.ActiveCfg = Debug|Any CPU
		{29499C04-FFCA-4FC9-BEEC-7186CB42B6E3}.Debug|Any CPU.Build.0 = Debug|Any CPU
		{29499C04-FFCA-4FC9-BEEC-7186CB42B6E3}.Release|Any CPU.ActiveCfg = Release|Any CPU
		{29499C04-FFCA-4FC9-BEEC-7186CB42B6E3}.Release|Any CPU.Build.0 = Release|Any CPU
		{9A539801-F378-4106-B7E7-1D1AA4E705C3}.Debug|Any CPU.ActiveCfg = Debug|Any CPU
		{9A539801-F378-4106-B7E7-1D1AA4E705C3}.Debug|Any CPU.Build.0 = Debug|Any CPU
		{9A539801-F378-4106-B7E7-1D1AA4E705C3}.Release|Any CPU.ActiveCfg = Release|Any CPU
		{9A539801-F378-4106-B7E7-1D1AA4E705C3}.Release|Any CPU.Build.0 = Release|Any CPU
		{FCB08767-7146-41EB-8087-0D1EE4AC7628}.Debug|Any CPU.ActiveCfg = Debug|Any CPU
		{FCB08767-7146-41EB-8087-0D1EE4AC7628}.Debug|Any CPU.Build.0 = Debug|Any CPU
		{FCB08767-7146-41EB-8087-0D1EE4AC7628}.Release|Any CPU.ActiveCfg = Release|Any CPU
		{FCB08767-7146-41EB-8087-0D1EE4AC7628}.Release|Any CPU.Build.0 = Release|Any CPU
		{FF4B8DDD-A3E1-4170-ACD3-CB99C3355FBA}.Debug|Any CPU.ActiveCfg = Debug|Any CPU
		{FF4B8DDD-A3E1-4170-ACD3-CB99C3355FBA}.Debug|Any CPU.Build.0 = Debug|Any CPU
		{FF4B8DDD-A3E1-4170-ACD3-CB99C3355FBA}.Release|Any CPU.ActiveCfg = Release|Any CPU
		{FF4B8DDD-A3E1-4170-ACD3-CB99C3355FBA}.Release|Any CPU.Build.0 = Release|Any CPU
	EndGlobalSection
	GlobalSection(SolutionProperties) = preSolution
		HideSolutionNode = FALSE
	EndGlobalSection
	GlobalSection(ExtensibilityGlobals) = postSolution
		SolutionGuid = {5FCB8B3A-2EDD-495D-9A46-C793B428E6DD}
	EndGlobalSection
EndGlobal
